
Microsoft Visual Studio Solution File, Format Version 12.00
# Visual Studio Version 16
VisualStudioVersion = 16.0.30907.101
MinimumVisualStudioVersion = 10.0.40219.1
Project("{9A19103F-16F7-4668-BE54-9A1E7A4F7556}") = "Blog", "Blog.csproj", "{FA588CAB-57F6-40DF-A7F4-4846783592A5}"
EndProject
Global
	GlobalSection(SolutionConfigurationPlatforms) = preSolution
		Debug|Any CPU = Debug|Any CPU
		Release|Any CPU = Release|Any CPU
	EndGlobalSection
	GlobalSection(ProjectConfigurationPlatforms) = postSolution
		{FA588CAB-57F6-40DF-A7F4-4846783592A5}.Debug|Any CPU.ActiveCfg = Debug|Any CPU
		{FA588CAB-57F6-40DF-A7F4-4846783592A5}.Debug|Any CPU.Build.0 = Debug|Any CPU
		{FA588CAB-57F6-40DF-A7F4-4846783592A5}.Release|Any CPU.ActiveCfg = Release|Any CPU
		{FA588CAB-57F6-40DF-A7F4-4846783592A5}.Release|Any CPU.Build.0 = Release|Any CPU
	EndGlobalSection
	GlobalSection(SolutionProperties) = preSolution
		HideSolutionNode = FALSE
	EndGlobalSection
	GlobalSection(ExtensibilityGlobals) = postSolution
		SolutionGuid = {1161643B-57B7-4651-88F2-9345475A962E}
	EndGlobalSection
EndGlobal
